
Microsoft Visual Studio Solution File, Format Version 12.00
# Visual Studio Version 16
VisualStudioVersion = 16.0.31025.194
MinimumVisualStudioVersion = 10.0.40219.1
Project("{FAE04EC0-301F-11D3-BF4B-00C04F79EFBC}") = "WcfServiceLibrary", "WcfServiceLibrary.csproj", "{BC103802-9C4B-4B4A-BB32-84BA3E607A50}"
EndProject
Global
	GlobalSection(SolutionConfigurationPlatforms) = preSolution
		Debug|Any CPU = Debug|Any CPU
		Release|Any CPU = Release|Any CPU
	EndGlobalSection
	GlobalSection(ProjectConfigurationPlatforms) = postSolution
		{BC103802-9C4B-4B4A-BB32-84BA3E607A50}.Debug|Any CPU.ActiveCfg = Debug|Any CPU
		{BC103802-9C4B-4B4A-BB32-84BA3E607A50}.Debug|Any CPU.Build.0 = Debug|Any CPU
		{BC103802-9C4B-4B4A-BB32-84BA3E607A50}.Release|Any CPU.ActiveCfg = Release|Any CPU
		{BC103802-9C4B-4B4A-BB32-84BA3E607A50}.Release|Any CPU.Build.0 = Release|Any CPU
	EndGlobalSection
	GlobalSection(SolutionProperties) = preSolution
		HideSolutionNode = FALSE
	EndGlobalSection
	GlobalSection(ExtensibilityGlobals) = postSolution
		SolutionGuid = {C93E0D2C-E3E7-4272-AAAE-8F675D990677}
	EndGlobalSection
EndGlobal
