
Microsoft Visual Studio Solution File, Format Version 12.00
# Visual Studio Version 16
VisualStudioVersion = 16.0.31025.194
MinimumVisualStudioVersion = 10.0.40219.1
Project("{FAE04EC0-301F-11D3-BF4B-00C04F79EFBC}") = "JCDecauxLibrary", "JCDecauxLibrary.csproj", "{CEBE2F52-D6AE-4777-95AD-5CD4BBFB8E1E}"
EndProject
Global
	GlobalSection(SolutionConfigurationPlatforms) = preSolution
		Debug|Any CPU = Debug|Any CPU
		Release|Any CPU = Release|Any CPU
	EndGlobalSection
	GlobalSection(ProjectConfigurationPlatforms) = postSolution
		{CEBE2F52-D6AE-4777-95AD-5CD4BBFB8E1E}.Debug|Any CPU.ActiveCfg = Debug|Any CPU
		{CEBE2F52-D6AE-4777-95AD-5CD4BBFB8E1E}.Debug|Any CPU.Build.0 = Debug|Any CPU
		{CEBE2F52-D6AE-4777-95AD-5CD4BBFB8E1E}.Release|Any CPU.ActiveCfg = Release|Any CPU
		{CEBE2F52-D6AE-4777-95AD-5CD4BBFB8E1E}.Release|Any CPU.Build.0 = Release|Any CPU
	EndGlobalSection
	GlobalSection(SolutionProperties) = preSolution
		HideSolutionNode = FALSE
	EndGlobalSection
	GlobalSection(ExtensibilityGlobals) = postSolution
		SolutionGuid = {A48F0615-C4ED-425A-82B0-3273057C4625}
	EndGlobalSection
EndGlobal
